<Solution>
  <Configurations>
    <Platform Name="x64" />
    <Platform Name="x86" />
  </Configurations>
  <Project Path="exampleapp/exampleapp.vcxproj" Id="a2e5eb13-e897-4420-8256-6ccc91ed0cdf" />
  <Project Path="opclib/opclib.vcxproj" Id="4685d017-a91d-48cf-a5de-faea6c1ba02d" />
  <Project Path="otherpeopletests/otherpeopletests.vcxproj" />
</Solution>
